
Microsoft Visual Studio Solution File, Format Version 12.00
# Visual Studio Version 17
VisualStudioVersion = 17.2.32630.192
MinimumVisualStudioVersion = 10.0.40219.1
Project("{FAE04EC0-301F-11D3-BF4B-00C04F79EFBC}") = "Zadatak01", "Zadatak01\Zadatak01.csproj", "{45C9B3FE-5C55-445E-A67D-027B9FCCE10F}"
EndProject
Project("{FAE04EC0-301F-11D3-BF4B-00C04F79EFBC}") = "Zadatak02", "Zadatak02\Zadatak02.csproj", "{E7C48B29-8891-47D1-AAAD-79ED949822AB}"
EndProject
Project("{FAE04EC0-301F-11D3-BF4B-00C04F79EFBC}") = "Zadatak003", "Zadatak003\Zadatak003.csproj", "{E1404A9F-245C-4C53-B55C-A630FDF43B10}"
EndProject
Global
	GlobalSection(SolutionConfigurationPlatforms) = preSolution
		Debug|Any CPU = Debug|Any CPU
		Release|Any CPU = Release|Any CPU
	EndGlobalSection
	GlobalSection(ProjectConfigurationPlatforms) = postSolution
		{45C9B3FE-5C55-445E-A67D-027B9FCCE10F}.Debug|Any CPU.ActiveCfg = Debug|Any CPU
		{45C9B3FE-5C55-445E-A67D-027B9FCCE10F}.Debug|Any CPU.Build.0 = Debug|Any CPU
		{45C9B3FE-5C55-445E-A67D-027B9FCCE10F}.Release|Any CPU.ActiveCfg = Release|Any CPU
		{45C9B3FE-5C55-445E-A67D-027B9FCCE10F}.Release|Any CPU.Build.0 = Release|Any CPU
		{E7C48B29-8891-47D1-AAAD-79ED949822AB}.Debug|Any CPU.ActiveCfg = Debug|Any CPU
		{E7C48B29-8891-47D1-AAAD-79ED949822AB}.Debug|Any CPU.Build.0 = Debug|Any CPU
		{E7C48B29-8891-47D1-AAAD-79ED949822AB}.Release|Any CPU.ActiveCfg = Release|Any CPU
		{E7C48B29-8891-47D1-AAAD-79ED949822AB}.Release|Any CPU.Build.0 = Release|Any CPU
		{E1404A9F-245C-4C53-B55C-A630FDF43B10}.Debug|Any CPU.ActiveCfg = Debug|Any CPU
		{E1404A9F-245C-4C53-B55C-A630FDF43B10}.Debug|Any CPU.Build.0 = Debug|Any CPU
		{E1404A9F-245C-4C53-B55C-A630FDF43B10}.Release|Any CPU.ActiveCfg = Release|Any CPU
		{E1404A9F-245C-4C53-B55C-A630FDF43B10}.Release|Any CPU.Build.0 = Release|Any CPU
	EndGlobalSection
	GlobalSection(SolutionProperties) = preSolution
		HideSolutionNode = FALSE
	EndGlobalSection
	GlobalSection(ExtensibilityGlobals) = postSolution
		SolutionGuid = {08E7049F-2E5F-45CB-8F33-DCDEC1945A68}
	EndGlobalSection
EndGlobal
